// !$*UTF8*$!
{
	archiveVersion = 1;
	classes = {
	};
	objectVersion = 56;
	objects = {

/* Begin PBXBuildFile section */
		AAAA00000000000000001002 /* QuoteCardApp.swift in Sources */ = {isa = PBXBuildFile; fileRef = AAAA00000000000000001001 /* QuoteCardApp.swift */; };
		AAAA00000000000000001004 /* CardModel.swift in Sources */ = {isa = PBXBuildFile; fileRef = AAAA00000000000000001003 /* CardModel.swift */; };
		AAAA00000000000000001006 /* ContentView.swift in Sources */ = {isa = PBXBuildFile; fileRef = AAAA00000000000000001005 /* ContentView.swift */; };
		AAAA00000000000000001008 /* ControlsView.swift in Sources */ = {isa = PBXBuildFile; fileRef = AAAA00000000000000001007 /* ControlsView.swift */; };
		AAAA00000000000000001010 /* CardPreviewPane.swift in Sources */ = {isa = PBXBuildFile; fileRef = AAAA00000000000000001009 /* CardPreviewPane.swift */; };
		AAAA00000000000000001012 /* CardView.swift in Sources */ = {isa = PBXBuildFile; fileRef = AAAA00000000000000001011 /* CardView.swift */; };
		AAAA00000000000000001014 /* ColorPaletteView.swift in Sources */ = {isa = PBXBuildFile; fileRef = AAAA00000000000000001013 /* ColorPaletteView.swift */; };
		AAAA00000000000000001016 /* ExportManager.swift in Sources */ = {isa = PBXBuildFile; fileRef = AAAA00000000000000001015 /* ExportManager.swift */; };
		AAAA00000000000000001018 /* FontPickerButton.swift in Sources */ = {isa = PBXBuildFile; fileRef = AAAA00000000000000001017 /* FontPickerButton.swift */; };
		AAAA00000000000000002002 /* Assets.xcassets in Resources */ = {isa = PBXBuildFile; fileRef = AAAA00000000000000002001 /* Assets.xcassets */; };
/* End PBXBuildFile section */

/* Begin PBXFileReference section */
		AAAA000000000000000000F1 /* QuoteCard.app */ = {isa = PBXFileReference; explicitFileType = wrapper.application; includeInIndex = 0; path = QuoteCard.app; sourceTree = BUILT_PRODUCTS_DIR; };
		AAAA00000000000000001001 /* QuoteCardApp.swift */ = {isa = PBXFileReference; lastKnownFileType = sourcecode.swift; path = QuoteCardApp.swift; sourceTree = "<group>"; };
		AAAA00000000000000001003 /* CardModel.swift */ = {isa = PBXFileReference; lastKnownFileType = sourcecode.swift; path = CardModel.swift; sourceTree = "<group>"; };
		AAAA00000000000000001005 /* ContentView.swift */ = {isa = PBXFileReference; lastKnownFileType = sourcecode.swift; path = ContentView.swift; sourceTree = "<group>"; };
		AAAA00000000000000001007 /* ControlsView.swift */ = {isa = PBXFileReference; lastKnownFileType = sourcecode.swift; path = ControlsView.swift; sourceTree = "<group>"; };
		AAAA00000000000000001009 /* CardPreviewPane.swift */ = {isa = PBXFileReference; lastKnownFileType = sourcecode.swift; path = CardPreviewPane.swift; sourceTree = "<group>"; };
		AAAA00000000000000001011 /* CardView.swift */ = {isa = PBXFileReference; lastKnownFileType = sourcecode.swift; path = CardView.swift; sourceTree = "<group>"; };
		AAAA00000000000000001013 /* ColorPaletteView.swift */ = {isa = PBXFileReference; lastKnownFileType = sourcecode.swift; path = ColorPaletteView.swift; sourceTree = "<group>"; };
		AAAA00000000000000001015 /* ExportManager.swift */ = {isa = PBXFileReference; lastKnownFileType = sourcecode.swift; path = ExportManager.swift; sourceTree = "<group>"; };
		AAAA00000000000000001017 /* FontPickerButton.swift */ = {isa = PBXFileReference; lastKnownFileType = sourcecode.swift; path = FontPickerButton.swift; sourceTree = "<group>"; };
		AAAA00000000000000002001 /* Assets.xcassets */ = {isa = PBXFileReference; lastKnownFileType = folder.assetcatalog; path = Assets.xcassets; sourceTree = "<group>"; };
		AAAA00000000000000002003 /* QuoteCard.entitlements */ = {isa = PBXFileReference; lastKnownFileType = text.plist.entitlements; path = QuoteCard.entitlements; sourceTree = "<group>"; };
/* End PBXFileReference section */

/* Begin PBXFrameworksBuildPhase section */
		AAAA00000000000000003003 /* Frameworks */ = {
			isa = PBXFrameworksBuildPhase;
			buildActionMask = 2147483647;
			files = (
			);
			runOnlyForDeploymentPostprocessing = 0;
		};
/* End PBXFrameworksBuildPhase section */

/* Begin PBXGroup section */
		AAAA00000000000000000001 /* Products */ = {
			isa = PBXGroup;
			children = (
				AAAA000000000000000000F1 /* QuoteCard.app */,
			);
			name = Products;
			sourceTree = "<group>";
		};
		AAAA00000000000000000002 /* MainGroup */ = {
			isa = PBXGroup;
			children = (
				AAAA00000000000000000003 /* QuoteCard */,
				AAAA00000000000000000001 /* Products */,
			);
			sourceTree = "<group>";
		};
		AAAA00000000000000000003 /* QuoteCard */ = {
			isa = PBXGroup;
			children = (
				AAAA00000000000000001001 /* QuoteCardApp.swift */,
				AAAA00000000000000001003 /* CardModel.swift */,
				AAAA00000000000000001005 /* ContentView.swift */,
				AAAA00000000000000001007 /* ControlsView.swift */,
				AAAA00000000000000001009 /* CardPreviewPane.swift */,
				AAAA00000000000000001011 /* CardView.swift */,
				AAAA00000000000000001013 /* ColorPaletteView.swift */,
				AAAA00000000000000001015 /* ExportManager.swift */,
				AAAA00000000000000001017 /* FontPickerButton.swift */,
				AAAA00000000000000002001 /* Assets.xcassets */,
				AAAA00000000000000002003 /* QuoteCard.entitlements */,
			);
			path = QuoteCard;
			sourceTree = "<group>";
		};
/* End PBXGroup section */

/* Begin PBXNativeTarget section */
		AAAA00000000000000004001 /* QuoteCard */ = {
			isa = PBXNativeTarget;
			buildConfigurationList = AAAA00000000000000006001 /* Build configuration list for PBXNativeTarget "QuoteCard" */;
			buildPhases = (
				AAAA00000000000000003001 /* Sources */,
				AAAA00000000000000003002 /* Resources */,
				AAAA00000000000000003003 /* Frameworks */,
			);
			buildRules = (
			);
			dependencies = (
			);
			name = QuoteCard;
			productName = QuoteCard;
			productReference = AAAA000000000000000000F1 /* QuoteCard.app */;
			productType = "com.apple.product-type.application";
		};
/* End PBXNativeTarget section */

/* Begin PBXProject section */
		AAAA00000000000000004002 /* Project object */ = {
			isa = PBXProject;
			attributes = {
				BuildIndependentTargetsInParallel = 1;
				LastSwiftUpdateCheck = 1500;
				LastUpgradeCheck = 1500;
				TargetAttributes = {
					AAAA00000000000000004001 = {
						CreatedOnToolsVersion = 15.0;
					};
				};
			};
			buildConfigurationList = AAAA00000000000000006002 /* Build configuration list for PBXProject "QuoteCard" */;
			compatibilityVersion = "Xcode 14.0";
			developmentRegion = en;
			hasScannedForEncodings = 0;
			knownRegions = (
				en,
				Base,
			);
			mainGroup = AAAA00000000000000000002;
			productRefGroup = AAAA00000000000000000001 /* Products */;
			projectDirPath = "";
			projectRoot = "";
			targets = (
				AAAA00000000000000004001 /* QuoteCard */,
			);
		};
/* End PBXProject section */

/* Begin PBXResourcesBuildPhase section */
		AAAA00000000000000003002 /* Resources */ = {
			isa = PBXResourcesBuildPhase;
			buildActionMask = 2147483647;
			files = (
				AAAA00000000000000002002 /* Assets.xcassets in Resources */,
			);
			runOnlyForDeploymentPostprocessing = 0;
		};
/* End PBXResourcesBuildPhase section */

/* Begin PBXSourcesBuildPhase section */
		AAAA00000000000000003001 /* Sources */ = {
			isa = PBXSourcesBuildPhase;
			buildActionMask = 2147483647;
			files = (
				AAAA00000000000000001002 /* QuoteCardApp.swift in Sources */,
				AAAA00000000000000001004 /* CardModel.swift in Sources */,
				AAAA00000000000000001006 /* ContentView.swift in Sources */,
				AAAA00000000000000001008 /* ControlsView.swift in Sources */,
				AAAA00000000000000001010 /* CardPreviewPane.swift in Sources */,
				AAAA00000000000000001012 /* CardView.swift in Sources */,
				AAAA00000000000000001014 /* ColorPaletteView.swift in Sources */,
				AAAA00000000000000001016 /* ExportManager.swift in Sources */,
				AAAA00000000000000001018 /* FontPickerButton.swift in Sources */,
			);
			runOnlyForDeploymentPostprocessing = 0;
		};
/* End PBXSourcesBuildPhase section */

/* Begin XCBuildConfiguration section */
		AAAA00000000000000005001 /* Debug */ = {
			isa = XCBuildConfiguration;
			buildSettings = {
				ASSETCATALOG_COMPILER_APPICON_NAME = AppIcon;
				CODE_SIGN_ENTITLEMENTS = QuoteCard/QuoteCard.entitlements;
				CODE_SIGN_STYLE = Automatic;
				COMBINE_HIDPI_IMAGES = YES;
				CURRENT_PROJECT_VERSION = 1;
				ENABLE_HARDENED_RUNTIME = YES;
				GENERATE_INFOPLIST_FILE = YES;
				INFOPLIST_KEY_CFBundleDisplayName = "Quote Card";
				INFOPLIST_KEY_NSHumanReadableDescription = "Create beautiful quote cards for social media";
				INFOPLIST_KEY_NSPrincipalClass = NSApplication;
				MACOSX_DEPLOYMENT_TARGET = 13.0;
				MARKETING_VERSION = 1.0;
				PRODUCT_BUNDLE_IDENTIFIER = "com.example.QuoteCard";
				PRODUCT_NAME = "$(TARGET_NAME)";
				SWIFT_EMIT_LOC_STRINGS = YES;
				SWIFT_VERSION = 5.0;
			};
			name = Debug;
		};
		AAAA00000000000000005002 /* Release */ = {
			isa = XCBuildConfiguration;
			buildSettings = {
				ASSETCATALOG_COMPILER_APPICON_NAME = AppIcon;
				CODE_SIGN_ENTITLEMENTS = QuoteCard/QuoteCard.entitlements;
				CODE_SIGN_STYLE = Automatic;
				COMBINE_HIDPI_IMAGES = YES;
				CURRENT_PROJECT_VERSION = 1;
				ENABLE_HARDENED_RUNTIME = YES;
				GENERATE_INFOPLIST_FILE = YES;
				INFOPLIST_KEY_CFBundleDisplayName = "Quote Card";
				INFOPLIST_KEY_NSHumanReadableDescription = "Create beautiful quote cards for social media";
				INFOPLIST_KEY_NSPrincipalClass = NSApplication;
				MACOSX_DEPLOYMENT_TARGET = 13.0;
				MARKETING_VERSION = 1.0;
				PRODUCT_BUNDLE_IDENTIFIER = "com.example.QuoteCard";
				PRODUCT_NAME = "$(TARGET_NAME)";
				SWIFT_EMIT_LOC_STRINGS = YES;
				SWIFT_VERSION = 5.0;
			};
			name = Release;
		};
		AAAA00000000000000005003 /* Debug */ = {
			isa = XCBuildConfiguration;
			buildSettings = {
				ALWAYS_SEARCH_USER_PATHS = NO;
				CLANG_ANALYZER_NONNULL = YES;
				CLANG_ANALYZER_NUMBER_OBJECT_CONVERSION = YES_AGGRESSIVE;
				CLANG_CXX_LANGUAGE_STANDARD = "gnu++20";
				CLANG_ENABLE_MODULES = YES;
				CLANG_ENABLE_OBJC_ARC = YES;
				CLANG_ENABLE_OBJC_WEAK = YES;
				CLANG_WARN_BLOCK_CAPTURE_AUTORELEASING = YES;
				CLANG_WARN_BOOL_CONVERSION = YES;
				CLANG_WARN_COMMA = YES;
				CLANG_WARN_CONSTANT_CONVERSION = YES;
				CLANG_WARN_DEPRECATED_OBJC_IMPLEMENTATIONS = YES;
				CLANG_WARN_DIRECT_OBJC_ISA_USAGE = YES_ERROR;
				CLANG_WARN_DOCUMENTATION_COMMENTS = YES;
				CLANG_WARN_EMPTY_BODY = YES;
				CLANG_WARN_ENUM_CONVERSION = YES;
				CLANG_WARN_INFINITE_RECURSION = YES;
				CLANG_WARN_INT_CONVERSION = YES;
				CLANG_WARN_NON_LITERAL_NULL_CONVERSION = YES;
				CLANG_WARN_OBJC_IMPLICIT_RETAIN_CYCLE = YES;
				CLANG_WARN_OBJC_LITERAL_CONVERSION = YES;
				CLANG_WARN_OBJC_ROOT_CLASS = YES_ERROR;
				CLANG_WARN_QUOTED_INCLUDE_IN_FRAMEWORK_HEADER = YES;
				CLANG_WARN_RANGE_LOOP_ANALYSIS = YES;
				CLANG_WARN_STRICT_PROTOTYPES = YES;
				CLANG_WARN_SUSPICIOUS_MOVE = YES;
				CLANG_WARN_UNGUARDED_AVAILABILITY = YES_AGGRESSIVE;
				CLANG_WARN_UNREACHABLE_CODE = YES;
				CLANG_WARN__DUPLICATE_METHOD_MATCH = YES;
				COPY_PHASE_STRIP = NO;
				DEBUG_INFORMATION_FORMAT = dwarf;
				ENABLE_STRICT_OBJC_MSGSEND = YES;
				ENABLE_TESTABILITY = YES;
				GCC_C_LANGUAGE_STANDARD = gnu17;
				GCC_DYNAMIC_NO_PIC = NO;
				GCC_NO_COMMON_BLOCKS = YES;
				GCC_OPTIMIZATION_LEVEL = 0;
				GCC_PREPROCESSOR_DEFINITIONS = (
					"DEBUG=1",
					"$(inherited)",
				);
				GCC_WARN_64_TO_32_BIT_CONVERSION = YES;
				GCC_WARN_ABOUT_RETURN_TYPE = YES_ERROR;
				GCC_WARN_UNDECLARED_SELECTOR = YES;
				GCC_WARN_UNINITIALIZED_AUTOS = YES_AGGRESSIVE;
				GCC_WARN_UNUSED_FUNCTION = YES;
				GCC_WARN_UNUSED_VARIABLE = YES;
				MACOSX_DEPLOYMENT_TARGET = 13.0;
				MTL_ENABLE_DEBUG_INFO = INCLUDE_SOURCE;
				MTL_FAST_MATH = YES;
				ONLY_ACTIVE_ARCH = YES;
				SDKROOT = macosx;
				SWIFT_ACTIVE_COMPILATION_CONDITIONS = DEBUG;
				SWIFT_OPTIMIZATION_LEVEL = "-Onone";
			};
			name = Debug;
		};
		AAAA00000000000000005004 /* Release */ = {
			isa = XCBuildConfiguration;
			buildSettings = {
				ALWAYS_SEARCH_USER_PATHS = NO;
				CLANG_ANALYZER_NONNULL = YES;
				CLANG_ANALYZER_NUMBER_OBJECT_CONVERSION = YES_AGGRESSIVE;
				CLANG_CXX_LANGUAGE_STANDARD = "gnu++20";
				CLANG_ENABLE_MODULES = YES;
				CLANG_ENABLE_OBJC_ARC = YES;
				CLANG_ENABLE_OBJC_WEAK = YES;
				CLANG_WARN_BLOCK_CAPTURE_AUTORELEASING = YES;
				CLANG_WARN_BOOL_CONVERSION = YES;
				CLANG_WARN_COMMA = YES;
				CLANG_WARN_CONSTANT_CONVERSION = YES;
				CLANG_WARN_DEPRECATED_OBJC_IMPLEMENTATIONS = YES;
				CLANG_WARN_DIRECT_OBJC_ISA_USAGE = YES_ERROR;
				CLANG_WARN_DOCUMENTATION_COMMENTS = YES;
				CLANG_WARN_EMPTY_BODY = YES;
				CLANG_WARN_ENUM_CONVERSION = YES;
				CLANG_WARN_INFINITE_RECURSION = YES;
				CLANG_WARN_INT_CONVERSION = YES;
				CLANG_WARN_NON_LITERAL_NULL_CONVERSION = YES;
				CLANG_WARN_OBJC_IMPLICIT_RETAIN_CYCLE = YES;
				CLANG_WARN_OBJC_LITERAL_CONVERSION = YES;
				CLANG_WARN_OBJC_ROOT_CLASS = YES_ERROR;
				CLANG_WARN_QUOTED_INCLUDE_IN_FRAMEWORK_HEADER = YES;
				CLANG_WARN_RANGE_LOOP_ANALYSIS = YES;
				CLANG_WARN_STRICT_PROTOTYPES = YES;
				CLANG_WARN_SUSPICIOUS_MOVE = YES;
				CLANG_WARN_UNGUARDED_AVAILABILITY = YES_AGGRESSIVE;
				CLANG_WARN_UNREACHABLE_CODE = YES;
				CLANG_WARN__DUPLICATE_METHOD_MATCH = YES;
				COPY_PHASE_STRIP = NO;
				DEBUG_INFORMATION_FORMAT = "dwarf-with-dsym";
				ENABLE_NS_ASSERTIONS = NO;
				ENABLE_STRICT_OBJC_MSGSEND = YES;
				GCC_C_LANGUAGE_STANDARD = gnu17;
				GCC_NO_COMMON_BLOCKS = YES;
				GCC_WARN_64_TO_32_BIT_CONVERSION = YES;
				GCC_WARN_ABOUT_RETURN_TYPE = YES_ERROR;
				GCC_WARN_UNDECLARED_SELECTOR = YES;
				GCC_WARN_UNINITIALIZED_AUTOS = YES_AGGRESSIVE;
				GCC_WARN_UNUSED_FUNCTION = YES;
				GCC_WARN_UNUSED_VARIABLE = YES;
				MACOSX_DEPLOYMENT_TARGET = 13.0;
				MTL_ENABLE_DEBUG_INFO = NO;
				MTL_FAST_MATH = YES;
				SDKROOT = macosx;
				SWIFT_COMPILATION_MODE = wholemodule;
				SWIFT_OPTIMIZATION_LEVEL = "-O";
			};
			name = Release;
		};
/* End XCBuildConfiguration section */

/* Begin XCConfigurationList section */
		AAAA00000000000000006001 /* Build configuration list for PBXNativeTarget "QuoteCard" */ = {
			isa = XCConfigurationList;
			buildConfigurations = (
				AAAA00000000000000005001 /* Debug */,
				AAAA00000000000000005002 /* Release */,
			);
			defaultConfigurationIsVisible = 0;
			defaultConfigurationName = Release;
		};
		AAAA00000000000000006002 /* Build configuration list for PBXProject "QuoteCard" */ = {
			isa = XCConfigurationList;
			buildConfigurations = (
				AAAA00000000000000005003 /* Debug */,
				AAAA00000000000000005004 /* Release */,
			);
			defaultConfigurationIsVisible = 0;
			defaultConfigurationName = Release;
		};
/* End XCConfigurationList section */

	};
	rootObject = AAAA00000000000000004002 /* Project object */;
}
